
Microsoft Visual Studio Solution File, Format Version 12.00
# Visual Studio Version 18
VisualStudioVersion = 18.3.11505.172 d18.3
MinimumVisualStudioVersion = 10.0.40219.1
Project("{FAE04EC0-301F-11D3-BF4B-00C04F79EFBC}") = "Basics", "Basics\Basics.csproj", "{8F887556-1797-4F1A-97F8-10C74218E036}"
EndProject
Project("{FAE04EC0-301F-11D3-BF4B-00C04F79EFBC}") = "Basics.Tests", "Basics.Tests\Basics.Tests.csproj", "{D7FCE568-ABEA-496E-B70C-17F6B942FE0D}"
EndProject
Global
	GlobalSection(SolutionConfigurationPlatforms) = preSolution
		Debug|Any CPU = Debug|Any CPU
		Release|Any CPU = Release|Any CPU
	EndGlobalSection
	GlobalSection(ProjectConfigurationPlatforms) = postSolution
		{8F887556-1797-4F1A-97F8-10C74218E036}.Debug|Any CPU.ActiveCfg = Debug|Any CPU
		{8F887556-1797-4F1A-97F8-10C74218E036}.Debug|Any CPU.Build.0 = Debug|Any CPU
		{8F887556-1797-4F1A-97F8-10C74218E036}.Release|Any CPU.ActiveCfg = Release|Any CPU
		{8F887556-1797-4F1A-97F8-10C74218E036}.Release|Any CPU.Build.0 = Release|Any CPU
		{D7FCE568-ABEA-496E-B70C-17F6B942FE0D}.Debug|Any CPU.ActiveCfg = Debug|Any CPU
		{D7FCE568-ABEA-496E-B70C-17F6B942FE0D}.Debug|Any CPU.Build.0 = Debug|Any CPU
		{D7FCE568-ABEA-496E-B70C-17F6B942FE0D}.Release|Any CPU.ActiveCfg = Release|Any CPU
		{D7FCE568-ABEA-496E-B70C-17F6B942FE0D}.Release|Any CPU.Build.0 = Release|Any CPU
	EndGlobalSection
	GlobalSection(SolutionProperties) = preSolution
		HideSolutionNode = FALSE
	EndGlobalSection
	GlobalSection(ExtensibilityGlobals) = postSolution
		SolutionGuid = {ADAABB95-837E-40F9-B82C-47E3E5D5462A}
	EndGlobalSection
EndGlobal
